
Microsoft Visual Studio Solution File, Format Version 12.00
# Visual Studio 15
VisualStudioVersion = 15.0.27703.2026
MinimumVisualStudioVersion = 10.0.40219.1
Project("{FAE04EC0-301F-11D3-BF4B-00C04F79EFBC}") = "QualiPaint", "QualiPaint\QualiPaint.csproj", "{12BDBB3A-1D92-4A8E-8B0B-15975DB1A24B}"
EndProject
Global
	GlobalSection(SolutionConfigurationPlatforms) = preSolution
		Debug|Any CPU = Debug|Any CPU
		Release|Any CPU = Release|Any CPU
	EndGlobalSection
	GlobalSection(ProjectConfigurationPlatforms) = postSolution
		{12BDBB3A-1D92-4A8E-8B0B-15975DB1A24B}.Debug|Any CPU.ActiveCfg = Debug|Any CPU
		{12BDBB3A-1D92-4A8E-8B0B-15975DB1A24B}.Debug|Any CPU.Build.0 = Debug|Any CPU
		{12BDBB3A-1D92-4A8E-8B0B-15975DB1A24B}.Release|Any CPU.ActiveCfg = Release|Any CPU
		{12BDBB3A-1D92-4A8E-8B0B-15975DB1A24B}.Release|Any CPU.Build.0 = Release|Any CPU
	EndGlobalSection
	GlobalSection(SolutionProperties) = preSolution
		HideSolutionNode = FALSE
	EndGlobalSection
	GlobalSection(ExtensibilityGlobals) = postSolution
		SolutionGuid = {97B02146-BCD0-4B43-97D2-87437CA93734}
	EndGlobalSection
EndGlobal
